
Microsoft Visual Studio Solution File, Format Version 12.00
# Visual Studio Version 17
VisualStudioVersion = 17.3.32929.385
MinimumVisualStudioVersion = 10.0.40219.1
Project("{FAE04EC0-301F-11D3-BF4B-00C04F79EFBC}") = "ObjectPages", "ObjectPages\ObjectPages.csproj", "{EE158BC8-80C8-4DAC-A21A-072AF06BA46E}"
EndProject
Project("{FAE04EC0-301F-11D3-BF4B-00C04F79EFBC}") = "TestPage", "TestPage\TestPage.csproj", "{585707C6-61C8-4830-9AAE-EF52482B3FC5}"
EndProject
Global
	GlobalSection(SolutionConfigurationPlatforms) = preSolution
		Debug|Any CPU = Debug|Any CPU
		Release|Any CPU = Release|Any CPU
	EndGlobalSection
	GlobalSection(ProjectConfigurationPlatforms) = postSolution
		{EE158BC8-80C8-4DAC-A21A-072AF06BA46E}.Debug|Any CPU.ActiveCfg = Debug|Any CPU
		{EE158BC8-80C8-4DAC-A21A-072AF06BA46E}.Debug|Any CPU.Build.0 = Debug|Any CPU
		{EE158BC8-80C8-4DAC-A21A-072AF06BA46E}.Release|Any CPU.ActiveCfg = Release|Any CPU
		{EE158BC8-80C8-4DAC-A21A-072AF06BA46E}.Release|Any CPU.Build.0 = Release|Any CPU
		{585707C6-61C8-4830-9AAE-EF52482B3FC5}.Debug|Any CPU.ActiveCfg = Debug|Any CPU
		{585707C6-61C8-4830-9AAE-EF52482B3FC5}.Debug|Any CPU.Build.0 = Debug|Any CPU
		{585707C6-61C8-4830-9AAE-EF52482B3FC5}.Release|Any CPU.ActiveCfg = Release|Any CPU
		{585707C6-61C8-4830-9AAE-EF52482B3FC5}.Release|Any CPU.Build.0 = Release|Any CPU
	EndGlobalSection
	GlobalSection(SolutionProperties) = preSolution
		HideSolutionNode = FALSE
	EndGlobalSection
	GlobalSection(ExtensibilityGlobals) = postSolution
		SolutionGuid = {2A34E788-730B-4DBB-8882-6B201B9FAB56}
	EndGlobalSection
EndGlobal
